
Microsoft Visual Studio Solution File, Format Version 12.00
# Visual Studio Version 17
VisualStudioVersion = 17.14.36518.9 d17.14
MinimumVisualStudioVersion = 10.0.40219.1
Project("{FAE04EC0-301F-11D3-BF4B-00C04F79EFBC}") = "KnowledgeTester1", "KnowledgeTester1.csproj", "{6A589E32-C475-47E2-AFCE-BE31D134D29C}"
EndProject
Global
	GlobalSection(SolutionConfigurationPlatforms) = preSolution
		Debug|Any CPU = Debug|Any CPU
		Release|Any CPU = Release|Any CPU
	EndGlobalSection
	GlobalSection(ProjectConfigurationPlatforms) = postSolution
		{6A589E32-C475-47E2-AFCE-BE31D134D29C}.Debug|Any CPU.ActiveCfg = Debug|Any CPU
		{6A589E32-C475-47E2-AFCE-BE31D134D29C}.Debug|Any CPU.Build.0 = Debug|Any CPU
		{6A589E32-C475-47E2-AFCE-BE31D134D29C}.Release|Any CPU.ActiveCfg = Release|Any CPU
		{6A589E32-C475-47E2-AFCE-BE31D134D29C}.Release|Any CPU.Build.0 = Release|Any CPU
	EndGlobalSection
	GlobalSection(SolutionProperties) = preSolution
		HideSolutionNode = FALSE
	EndGlobalSection
	GlobalSection(ExtensibilityGlobals) = postSolution
		SolutionGuid = {EB0AA712-6670-44FC-A2C7-A0A89FE1B59E}
	EndGlobalSection
EndGlobal
